
Microsoft Visual Studio Solution File, Format Version 12.00
# Visual Studio 15
VisualStudioVersion = 15.0.28307.168
MinimumVisualStudioVersion = 10.0.40219.1
Project("{FAE04EC0-301F-11D3-BF4B-00C04F79EFBC}") = "15LinkedList", "15LinkedList\15LinkedList.csproj", "{3B3D6497-561D-4DEA-BA65-5E60363D2724}"
EndProject
Global
	GlobalSection(SolutionConfigurationPlatforms) = preSolution
		Debug|Any CPU = Debug|Any CPU
		Release|Any CPU = Release|Any CPU
	EndGlobalSection
	GlobalSection(ProjectConfigurationPlatforms) = postSolution
		{3B3D6497-561D-4DEA-BA65-5E60363D2724}.Debug|Any CPU.ActiveCfg = Debug|Any CPU
		{3B3D6497-561D-4DEA-BA65-5E60363D2724}.Debug|Any CPU.Build.0 = Debug|Any CPU
		{3B3D6497-561D-4DEA-BA65-5E60363D2724}.Release|Any CPU.ActiveCfg = Release|Any CPU
		{3B3D6497-561D-4DEA-BA65-5E60363D2724}.Release|Any CPU.Build.0 = Release|Any CPU
	EndGlobalSection
	GlobalSection(SolutionProperties) = preSolution
		HideSolutionNode = FALSE
	EndGlobalSection
	GlobalSection(ExtensibilityGlobals) = postSolution
		SolutionGuid = {ED0D3250-D715-481C-8C5F-7FB97DBC873F}
	EndGlobalSection
EndGlobal
