
Microsoft Visual Studio Solution File, Format Version 12.00
# Visual Studio 15
VisualStudioVersion = 15.0.28307.539
MinimumVisualStudioVersion = 10.0.40219.1
Project("{FAE04EC0-301F-11D3-BF4B-00C04F79EFBC}") = "26NestedLogic", "26NestedLogic\26NestedLogic.csproj", "{2DD628E6-8D40-4D1B-85E8-4C2E4225A706}"
EndProject
Global
	GlobalSection(SolutionConfigurationPlatforms) = preSolution
		Debug|Any CPU = Debug|Any CPU
		Release|Any CPU = Release|Any CPU
	EndGlobalSection
	GlobalSection(ProjectConfigurationPlatforms) = postSolution
		{2DD628E6-8D40-4D1B-85E8-4C2E4225A706}.Debug|Any CPU.ActiveCfg = Debug|Any CPU
		{2DD628E6-8D40-4D1B-85E8-4C2E4225A706}.Debug|Any CPU.Build.0 = Debug|Any CPU
		{2DD628E6-8D40-4D1B-85E8-4C2E4225A706}.Release|Any CPU.ActiveCfg = Release|Any CPU
		{2DD628E6-8D40-4D1B-85E8-4C2E4225A706}.Release|Any CPU.Build.0 = Release|Any CPU
	EndGlobalSection
	GlobalSection(SolutionProperties) = preSolution
		HideSolutionNode = FALSE
	EndGlobalSection
	GlobalSection(ExtensibilityGlobals) = postSolution
		SolutionGuid = {E2800452-E41A-4533-9443-A06FF137A6EA}
	EndGlobalSection
EndGlobal
