
Microsoft Visual Studio Solution File, Format Version 12.00
# Visual Studio 15
VisualStudioVersion = 15.0.28307.539
MinimumVisualStudioVersion = 10.0.40219.1
Project("{FAE04EC0-301F-11D3-BF4B-00C04F79EFBC}") = "27Testing", "27Testing\27Testing.csproj", "{3590EF9C-0FA3-4A26-8747-A5B33324D3C9}"
EndProject
Global
	GlobalSection(SolutionConfigurationPlatforms) = preSolution
		Debug|Any CPU = Debug|Any CPU
		Release|Any CPU = Release|Any CPU
	EndGlobalSection
	GlobalSection(ProjectConfigurationPlatforms) = postSolution
		{3590EF9C-0FA3-4A26-8747-A5B33324D3C9}.Debug|Any CPU.ActiveCfg = Debug|Any CPU
		{3590EF9C-0FA3-4A26-8747-A5B33324D3C9}.Debug|Any CPU.Build.0 = Debug|Any CPU
		{3590EF9C-0FA3-4A26-8747-A5B33324D3C9}.Release|Any CPU.ActiveCfg = Release|Any CPU
		{3590EF9C-0FA3-4A26-8747-A5B33324D3C9}.Release|Any CPU.Build.0 = Release|Any CPU
	EndGlobalSection
	GlobalSection(SolutionProperties) = preSolution
		HideSolutionNode = FALSE
	EndGlobalSection
	GlobalSection(ExtensibilityGlobals) = postSolution
		SolutionGuid = {2BE6F4E2-E8D6-402A-98F9-7BE5CF1519C1}
	EndGlobalSection
EndGlobal
